// !$*UTF8*$!
{
	archiveVersion = 1;
	classes = {
	};
	objectVersion = 52;
	objects = {

/* Begin PBXBuildFile section */
		8786F367264A9B6A00214342 /* LayoutBuilder in Frameworks */ = {isa = PBXBuildFile; productRef = 8786F366264A9B6A00214342 /* LayoutBuilder */; };
		87A56DFE2641DE4B0088205E /* AppDelegate.swift in Sources */ = {isa = PBXBuildFile; fileRef = 87A56DFD2641DE4B0088205E /* AppDelegate.swift */; };
		87A56E002641DE4B0088205E /* SceneDelegate.swift in Sources */ = {isa = PBXBuildFile; fileRef = 87A56DFF2641DE4B0088205E /* SceneDelegate.swift */; };
		87A56E022641DE4B0088205E /* ViewController.swift in Sources */ = {isa = PBXBuildFile; fileRef = 87A56E012641DE4B0088205E /* ViewController.swift */; };
		87A56E052641DE4B0088205E /* Main.storyboard in Resources */ = {isa = PBXBuildFile; fileRef = 87A56E032641DE4B0088205E /* Main.storyboard */; };
		87A56E072641DE4C0088205E /* Assets.xcassets in Resources */ = {isa = PBXBuildFile; fileRef = 87A56E062641DE4C0088205E /* Assets.xcassets */; };
		87A56E0A2641DE4C0088205E /* LaunchScreen.storyboard in Resources */ = {isa = PBXBuildFile; fileRef = 87A56E082641DE4C0088205E /* LaunchScreen.storyboard */; };
/* End PBXBuildFile section */

/* Begin PBXFileReference section */
		87A56DFA2641DE4B0088205E /* LayoutBuilderExample-iOS.app */ = {isa = PBXFileReference; explicitFileType = wrapper.application; includeInIndex = 0; path = "LayoutBuilderExample-iOS.app"; sourceTree = BUILT_PRODUCTS_DIR; };
		87A56DFD2641DE4B0088205E /* AppDelegate.swift */ = {isa = PBXFileReference; lastKnownFileType = sourcecode.swift; path = AppDelegate.swift; sourceTree = "<group>"; };
		87A56DFF2641DE4B0088205E /* SceneDelegate.swift */ = {isa = PBXFileReference; lastKnownFileType = sourcecode.swift; path = SceneDelegate.swift; sourceTree = "<group>"; };
		87A56E012641DE4B0088205E /* ViewController.swift */ = {isa = PBXFileReference; lastKnownFileType = sourcecode.swift; path = ViewController.swift; sourceTree = "<group>"; };
		87A56E042641DE4B0088205E /* Base */ = {isa = PBXFileReference; lastKnownFileType = file.storyboard; name = Base; path = Base.lproj/Main.storyboard; sourceTree = "<group>"; };
		87A56E062641DE4C0088205E /* Assets.xcassets */ = {isa = PBXFileReference; lastKnownFileType = folder.assetcatalog; path = Assets.xcassets; sourceTree = "<group>"; };
		87A56E092641DE4C0088205E /* Base */ = {isa = PBXFileReference; lastKnownFileType = file.storyboard; name = Base; path = Base.lproj/LaunchScreen.storyboard; sourceTree = "<group>"; };
		87A56E0B2641DE4C0088205E /* Info.plist */ = {isa = PBXFileReference; lastKnownFileType = text.plist.xml; path = Info.plist; sourceTree = "<group>"; };
/* End PBXFileReference section */

/* Begin PBXFrameworksBuildPhase section */
		87A56DF72641DE4B0088205E /* Frameworks */ = {
			isa = PBXFrameworksBuildPhase;
			buildActionMask = 2147483647;
			files = (
				8786F367264A9B6A00214342 /* LayoutBuilder in Frameworks */,
			);
			runOnlyForDeploymentPostprocessing = 0;
		};
/* End PBXFrameworksBuildPhase section */

/* Begin PBXGroup section */
		8786F365264A9B6A00214342 /* Frameworks */ = {
			isa = PBXGroup;
			children = (
			);
			name = Frameworks;
			sourceTree = "<group>";
		};
		87A56DF12641DE4B0088205E = {
			isa = PBXGroup;
			children = (
				87A56DFC2641DE4B0088205E /* LayoutBuilderExample-iOS */,
				87A56DFB2641DE4B0088205E /* Products */,
				8786F365264A9B6A00214342 /* Frameworks */,
			);
			sourceTree = "<group>";
		};
		87A56DFB2641DE4B0088205E /* Products */ = {
			isa = PBXGroup;
			children = (
				87A56DFA2641DE4B0088205E /* LayoutBuilderExample-iOS.app */,
			);
			name = Products;
			sourceTree = "<group>";
		};
		87A56DFC2641DE4B0088205E /* LayoutBuilderExample-iOS */ = {
			isa = PBXGroup;
			children = (
				87A56DFD2641DE4B0088205E /* AppDelegate.swift */,
				87A56DFF2641DE4B0088205E /* SceneDelegate.swift */,
				87A56E012641DE4B0088205E /* ViewController.swift */,
				87A56E032641DE4B0088205E /* Main.storyboard */,
				87A56E062641DE4C0088205E /* Assets.xcassets */,
				87A56E082641DE4C0088205E /* LaunchScreen.storyboard */,
				87A56E0B2641DE4C0088205E /* Info.plist */,
			);
			path = "LayoutBuilderExample-iOS";
			sourceTree = "<group>";
		};
/* End PBXGroup section */

/* Begin PBXNativeTarget section */
		87A56DF92641DE4B0088205E /* LayoutBuilderExample-iOS */ = {
			isa = PBXNativeTarget;
			buildConfigurationList = 87A56E0E2641DE4C0088205E /* Build configuration list for PBXNativeTarget "LayoutBuilderExample-iOS" */;
			buildPhases = (
				87A56DF62641DE4B0088205E /* Sources */,
				87A56DF72641DE4B0088205E /* Frameworks */,
				87A56DF82641DE4B0088205E /* Resources */,
			);
			buildRules = (
			);
			dependencies = (
			);
			name = "LayoutBuilderExample-iOS";
			packageProductDependencies = (
				8786F366264A9B6A00214342 /* LayoutBuilder */,
			);
			productName = "LayoutBuilderExample-iOS";
			productReference = 87A56DFA2641DE4B0088205E /* LayoutBuilderExample-iOS.app */;
			productType = "com.apple.product-type.application";
		};
/* End PBXNativeTarget section */

/* Begin PBXProject section */
		87A56DF22641DE4B0088205E /* Project object */ = {
			isa = PBXProject;
			attributes = {
				LastSwiftUpdateCheck = 1250;
				LastUpgradeCheck = 1250;
				TargetAttributes = {
					87A56DF92641DE4B0088205E = {
						CreatedOnToolsVersion = 12.5;
					};
				};
			};
			buildConfigurationList = 87A56DF52641DE4B0088205E /* Build configuration list for PBXProject "LayoutBuilderExample-iOS" */;
			compatibilityVersion = "Xcode 9.3";
			developmentRegion = en;
			hasScannedForEncodings = 0;
			knownRegions = (
				en,
				Base,
			);
			mainGroup = 87A56DF12641DE4B0088205E;
			packageReferences = (
				87D7C9262649D43900CF6580 /* XCRemoteSwiftPackageReference "LayoutBuilder" */,
			);
			productRefGroup = 87A56DFB2641DE4B0088205E /* Products */;
			projectDirPath = "";
			projectRoot = "";
			targets = (
				87A56DF92641DE4B0088205E /* LayoutBuilderExample-iOS */,
			);
		};
/* End PBXProject section */

/* Begin PBXResourcesBuildPhase section */
		87A56DF82641DE4B0088205E /* Resources */ = {
			isa = PBXResourcesBuildPhase;
			buildActionMask = 2147483647;
			files = (
				87A56E0A2641DE4C0088205E /* LaunchScreen.storyboard in Resources */,
				87A56E072641DE4C0088205E /* Assets.xcassets in Resources */,
				87A56E052641DE4B0088205E /* Main.storyboard in Resources */,
			);
			runOnlyForDeploymentPostprocessing = 0;
		};
/* End PBXResourcesBuildPhase section */

/* Begin PBXSourcesBuildPhase section */
		87A56DF62641DE4B0088205E /* Sources */ = {
			isa = PBXSourcesBuildPhase;
			buildActionMask = 2147483647;
			files = (
				87A56E022641DE4B0088205E /* ViewController.swift in Sources */,
				87A56DFE2641DE4B0088205E /* AppDelegate.swift in Sources */,
				87A56E002641DE4B0088205E /* SceneDelegate.swift in Sources */,
			);
			runOnlyForDeploymentPostprocessing = 0;
		};
/* End PBXSourcesBuildPhase section */

/* Begin PBXVariantGroup section */
		87A56E032641DE4B0088205E /* Main.storyboard */ = {
			isa = PBXVariantGroup;
			children = (
				87A56E042641DE4B0088205E /* Base */,
			);
			name = Main.storyboard;
			sourceTree = "<group>";
		};
		87A56E082641DE4C0088205E /* LaunchScreen.storyboard */ = {
			isa = PBXVariantGroup;
			children = (
				87A56E092641DE4C0088205E /* Base */,
			);
			name = LaunchScreen.storyboard;
			sourceTree = "<group>";
		};
/* End PBXVariantGroup section */

/* Begin XCBuildConfiguration section */
		87A56E0C2641DE4C0088205E /* Debug */ = {
			isa = XCBuildConfiguration;
			buildSettings = {
				ALWAYS_SEARCH_USER_PATHS = NO;
				CLANG_ANALYZER_NONNULL = YES;
				CLANG_ANALYZER_NUMBER_OBJECT_CONVERSION = YES_AGGRESSIVE;
				CLANG_CXX_LANGUAGE_STANDARD = "gnu++14";
				CLANG_CXX_LIBRARY = "libc++";
				CLANG_ENABLE_MODULES = YES;
				CLANG_ENABLE_OBJC_ARC = YES;
				CLANG_ENABLE_OBJC_WEAK = YES;
				CLANG_WARN_BLOCK_CAPTURE_AUTORELEASING = YES;
				CLANG_WARN_BOOL_CONVERSION = YES;
				CLANG_WARN_COMMA = YES;
				CLANG_WARN_CONSTANT_CONVERSION = YES;
				CLANG_WARN_DEPRECATED_OBJC_IMPLEMENTATIONS = YES;
				CLANG_WARN_DIRECT_OBJC_ISA_USAGE = YES_ERROR;
				CLANG_WARN_DOCUMENTATION_COMMENTS = YES;
				CLANG_WARN_EMPTY_BODY = YES;
				CLANG_WARN_ENUM_CONVERSION = YES;
				CLANG_WARN_INFINITE_RECURSION = YES;
				CLANG_WARN_INT_CONVERSION = YES;
				CLANG_WARN_NON_LITERAL_NULL_CONVERSION = YES;
				CLANG_WARN_OBJC_IMPLICIT_RETAIN_SELF = YES;
				CLANG_WARN_OBJC_LITERAL_CONVERSION = YES;
				CLANG_WARN_OBJC_ROOT_CLASS = YES_ERROR;
				CLANG_WARN_QUOTED_INCLUDE_IN_FRAMEWORK_HEADER = YES;
				CLANG_WARN_RANGE_LOOP_ANALYSIS = YES;
				CLANG_WARN_STRICT_PROTOTYPES = YES;
				CLANG_WARN_SUSPICIOUS_MOVE = YES;
				CLANG_WARN_UNGUARDED_AVAILABILITY = YES_AGGRESSIVE;
				CLANG_WARN_UNREACHABLE_CODE = YES;
				CLANG_WARN__DUPLICATE_METHOD_MATCH = YES;
				COPY_PHASE_STRIP = NO;
				DEBUG_INFORMATION_FORMAT = dwarf;
				ENABLE_STRICT_OBJC_MSGSEND = YES;
				ENABLE_TESTABILITY = YES;
				GCC_C_LANGUAGE_STANDARD = gnu11;
				GCC_DYNAMIC_NO_PIC = NO;
				GCC_NO_COMMON_BLOCKS = YES;
				GCC_OPTIMIZATION_LEVEL = 0;
				GCC_PREPROCESSOR_DEFINITIONS = (
					"DEBUG=1",
					"$(inherited)",
				);
				GCC_WARN_64_TO_32_BIT_CONVERSION = YES;
				GCC_WARN_ABOUT_RETURN_TYPE = YES_ERROR;
				GCC_WARN_UNDECLARED_SELECTOR = YES;
				GCC_WARN_UNINITIALIZED_AUTOS = YES_AGGRESSIVE;
				GCC_WARN_UNUSED_FUNCTION = YES;
				GCC_WARN_UNUSED_VARIABLE = YES;
				IPHONEOS_DEPLOYMENT_TARGET = 14.5;
				MTL_ENABLE_DEBUG_INFO = INCLUDE_SOURCE;
				MTL_FAST_MATH = YES;
				ONLY_ACTIVE_ARCH = YES;
				SDKROOT = iphoneos;
				SWIFT_ACTIVE_COMPILATION_CONDITIONS = DEBUG;
				SWIFT_OPTIMIZATION_LEVEL = "-Onone";
			};
			name = Debug;
		};
		87A56E0D2641DE4C0088205E /* Release */ = {
			isa = XCBuildConfiguration;
			buildSettings = {
				ALWAYS_SEARCH_USER_PATHS = NO;
				CLANG_ANALYZER_NONNULL = YES;
				CLANG_ANALYZER_NUMBER_OBJECT_CONVERSION = YES_AGGRESSIVE;
				CLANG_CXX_LANGUAGE_STANDARD = "gnu++14";
				CLANG_CXX_LIBRARY = "libc++";
				CLANG_ENABLE_MODULES = YES;
				CLANG_ENABLE_OBJC_ARC = YES;
				CLANG_ENABLE_OBJC_WEAK = YES;
				CLANG_WARN_BLOCK_CAPTURE_AUTORELEASING = YES;
				CLANG_WARN_BOOL_CONVERSION = YES;
				CLANG_WARN_COMMA = YES;
				CLANG_WARN_CONSTANT_CONVERSION = YES;
				CLANG_WARN_DEPRECATED_OBJC_IMPLEMENTATIONS = YES;
				CLANG_WARN_DIRECT_OBJC_ISA_USAGE = YES_ERROR;
				CLANG_WARN_DOCUMENTATION_COMMENTS = YES;
				CLANG_WARN_EMPTY_BODY = YES;
				CLANG_WARN_ENUM_CONVERSION = YES;
				CLANG_WARN_INFINITE_RECURSION = YES;
				CLANG_WARN_INT_CONVERSION = YES;
				CLANG_WARN_NON_LITERAL_NULL_CONVERSION = YES;
				CLANG_WARN_OBJC_IMPLICIT_RETAIN_SELF = YES;
				CLANG_WARN_OBJC_LITERAL_CONVERSION = YES;
				CLANG_WARN_OBJC_ROOT_CLASS = YES_ERROR;
				CLANG_WARN_QUOTED_INCLUDE_IN_FRAMEWORK_HEADER = YES;
				CLANG_WARN_RANGE_LOOP_ANALYSIS = YES;
				CLANG_WARN_STRICT_PROTOTYPES = YES;
				CLANG_WARN_SUSPICIOUS_MOVE = YES;
				CLANG_WARN_UNGUARDED_AVAILABILITY = YES_AGGRESSIVE;
				CLANG_WARN_UNREACHABLE_CODE = YES;
				CLANG_WARN__DUPLICATE_METHOD_MATCH = YES;
				COPY_PHASE_STRIP = NO;
				DEBUG_INFORMATION_FORMAT = "dwarf-with-dsym";
				ENABLE_NS_ASSERTIONS = NO;
				ENABLE_STRICT_OBJC_MSGSEND = YES;
				GCC_C_LANGUAGE_STANDARD = gnu11;
				GCC_NO_COMMON_BLOCKS = YES;
				GCC_WARN_64_TO_32_BIT_CONVERSION = YES;
				GCC_WARN_ABOUT_RETURN_TYPE = YES_ERROR;
				GCC_WARN_UNDECLARED_SELECTOR = YES;
				GCC_WARN_UNINITIALIZED_AUTOS = YES_AGGRESSIVE;
				GCC_WARN_UNUSED_FUNCTION = YES;
				GCC_WARN_UNUSED_VARIABLE = YES;
				IPHONEOS_DEPLOYMENT_TARGET = 14.5;
				MTL_ENABLE_DEBUG_INFO = NO;
				MTL_FAST_MATH = YES;
				SDKROOT = iphoneos;
				SWIFT_COMPILATION_MODE = wholemodule;
				SWIFT_OPTIMIZATION_LEVEL = "-O";
				VALIDATE_PRODUCT = YES;
			};
			name = Release;
		};
		87A56E0F2641DE4C0088205E /* Debug */ = {
			isa = XCBuildConfiguration;
			buildSettings = {
				ASSETCATALOG_COMPILER_APPICON_NAME = AppIcon;
				ASSETCATALOG_COMPILER_GLOBAL_ACCENT_COLOR_NAME = AccentColor;
				CODE_SIGN_STYLE = Automatic;
				DEVELOPMENT_TEAM = 2PKVZCQ5NM;
				INFOPLIST_FILE = "LayoutBuilderExample-iOS/Info.plist";
				LD_RUNPATH_SEARCH_PATHS = (
					"$(inherited)",
					"@executable_path/Frameworks",
				);
				PRODUCT_BUNDLE_IDENTIFIER = "pro.ihor.LayoutBuilderExample-iOS";
				PRODUCT_NAME = "$(TARGET_NAME)";
				SWIFT_VERSION = 5.0;
				TARGETED_DEVICE_FAMILY = "1,2";
			};
			name = Debug;
		};
		87A56E102641DE4C0088205E /* Release */ = {
			isa = XCBuildConfiguration;
			buildSettings = {
				ASSETCATALOG_COMPILER_APPICON_NAME = AppIcon;
				ASSETCATALOG_COMPILER_GLOBAL_ACCENT_COLOR_NAME = AccentColor;
				CODE_SIGN_STYLE = Automatic;
				DEVELOPMENT_TEAM = 2PKVZCQ5NM;
				INFOPLIST_FILE = "LayoutBuilderExample-iOS/Info.plist";
				LD_RUNPATH_SEARCH_PATHS = (
					"$(inherited)",
					"@executable_path/Frameworks",
				);
				PRODUCT_BUNDLE_IDENTIFIER = "pro.ihor.LayoutBuilderExample-iOS";
				PRODUCT_NAME = "$(TARGET_NAME)";
				SWIFT_VERSION = 5.0;
				TARGETED_DEVICE_FAMILY = "1,2";
			};
			name = Release;
		};
/* End XCBuildConfiguration section */

/* Begin XCConfigurationList section */
		87A56DF52641DE4B0088205E /* Build configuration list for PBXProject "LayoutBuilderExample-iOS" */ = {
			isa = XCConfigurationList;
			buildConfigurations = (
				87A56E0C2641DE4C0088205E /* Debug */,
				87A56E0D2641DE4C0088205E /* Release */,
			);
			defaultConfigurationIsVisible = 0;
			defaultConfigurationName = Release;
		};
		87A56E0E2641DE4C0088205E /* Build configuration list for PBXNativeTarget "LayoutBuilderExample-iOS" */ = {
			isa = XCConfigurationList;
			buildConfigurations = (
				87A56E0F2641DE4C0088205E /* Debug */,
				87A56E102641DE4C0088205E /* Release */,
			);
			defaultConfigurationIsVisible = 0;
			defaultConfigurationName = Release;
		};
/* End XCConfigurationList section */

/* Begin XCRemoteSwiftPackageReference section */
		87D7C9262649D43900CF6580 /* XCRemoteSwiftPackageReference "LayoutBuilder" */ = {
			isa = XCRemoteSwiftPackageReference;
			repositoryURL = "https://github.com/multimediasuite/LayoutBuilder";
			requirement = {
				kind = upToNextMajorVersion;
				minimumVersion = 0.9.0;
			};
		};
/* End XCRemoteSwiftPackageReference section */

/* Begin XCSwiftPackageProductDependency section */
		8786F366264A9B6A00214342 /* LayoutBuilder */ = {
			isa = XCSwiftPackageProductDependency;
			package = 87D7C9262649D43900CF6580 /* XCRemoteSwiftPackageReference "LayoutBuilder" */;
			productName = LayoutBuilder;
		};
/* End XCSwiftPackageProductDependency section */
	};
	rootObject = 87A56DF22641DE4B0088205E /* Project object */;
}
